// !$*UTF8*$!
{
	archiveVersion = 1;
	classes = {
	};
	objectVersion = 46;
	objects = {

/* Begin PBXBuildFile section */
		59F628FCB5C2B2900F31879C /* libPods-Firestack.a in Frameworks */ = {isa = PBXBuildFile; fileRef = 58A186F11042C569425E5D5F /* libPods-Firestack.a */; };
		D950369E1D19C77400F7094D /* Firestack.m in Sources */ = {isa = PBXBuildFile; fileRef = D950369D1D19C77400F7094D /* Firestack.m */; };
		D96290331D6D145A0099A3EC /* FirestackAuth.m in Sources */ = {isa = PBXBuildFile; fileRef = D96290321D6D145A0099A3EC /* FirestackAuth.m */; };
		D962903F1D6D15B00099A3EC /* FirestackErrors.m in Sources */ = {isa = PBXBuildFile; fileRef = D962903E1D6D15B00099A3EC /* FirestackErrors.m */; };
		D96290451D6D16100099A3EC /* FirestackAnalytics.m in Sources */ = {isa = PBXBuildFile; fileRef = D96290441D6D16100099A3EC /* FirestackAnalytics.m */; };
		D96290491D6D1D8C0099A3EC /* FirestackMessaging.m in Sources */ = {isa = PBXBuildFile; fileRef = D96290481D6D1D8C0099A3EC /* FirestackMessaging.m */; };
		D96290851D6D28B80099A3EC /* FirestackDatabase.m in Sources */ = {isa = PBXBuildFile; fileRef = D96290841D6D28B80099A3EC /* FirestackDatabase.m */; };
		D97261661D550CF5000F703F /* GoogleInterchangeUtilities.framework in Frameworks */ = {isa = PBXBuildFile; fileRef = D97261651D550CF5000F703F /* GoogleInterchangeUtilities.framework */; };
		D97261691D550D03000F703F /* GoogleIPhoneUtilities.framework in Frameworks */ = {isa = PBXBuildFile; fileRef = D97261681D550D03000F703F /* GoogleIPhoneUtilities.framework */; };
		D972616B1D550D07000F703F /* GoogleNetworkingUtilities.framework in Frameworks */ = {isa = PBXBuildFile; fileRef = D972616A1D550D07000F703F /* GoogleNetworkingUtilities.framework */; };
		D972616D1D550D0B000F703F /* GoogleParsingUtilities.framework in Frameworks */ = {isa = PBXBuildFile; fileRef = D972616C1D550D0B000F703F /* GoogleParsingUtilities.framework */; };
		D972616F1D550D0F000F703F /* GoogleSymbolUtilities.framework in Frameworks */ = {isa = PBXBuildFile; fileRef = D972616E1D550D0F000F703F /* GoogleSymbolUtilities.framework */; };
		D97261711D550D13000F703F /* GoogleUtilities.framework in Frameworks */ = {isa = PBXBuildFile; fileRef = D97261701D550D13000F703F /* GoogleUtilities.framework */; };
		D97261771D550D81000F703F /* FirebaseAnalytics.framework in Frameworks */ = {isa = PBXBuildFile; fileRef = D97261761D550D81000F703F /* FirebaseAnalytics.framework */; };
		D97261791D550D86000F703F /* FirebaseAuth.framework in Frameworks */ = {isa = PBXBuildFile; fileRef = D97261781D550D86000F703F /* FirebaseAuth.framework */; };
		D972617B1D550D89000F703F /* FirebaseDatabase.framework in Frameworks */ = {isa = PBXBuildFile; fileRef = D972617A1D550D89000F703F /* FirebaseDatabase.framework */; };
		D972617D1D550D8F000F703F /* FirebaseInstanceID.framework in Frameworks */ = {isa = PBXBuildFile; fileRef = D972617C1D550D8F000F703F /* FirebaseInstanceID.framework */; };
		D972617F1D550D94000F703F /* FirebaseRemoteConfig.framework in Frameworks */ = {isa = PBXBuildFile; fileRef = D972617E1D550D94000F703F /* FirebaseRemoteConfig.framework */; };
		D97261811D550D98000F703F /* FirebaseStorage.framework in Frameworks */ = {isa = PBXBuildFile; fileRef = D97261801D550D98000F703F /* FirebaseStorage.framework */; };
		D97261C11D551BE0000F703F /* libz.tbd in Frameworks */ = {isa = PBXBuildFile; fileRef = D97261C01D551BE0000F703F /* libz.tbd */; };
		D97261C31D551BE7000F703F /* libsqlite3.tbd in Frameworks */ = {isa = PBXBuildFile; fileRef = D97261C21D551BE7000F703F /* libsqlite3.tbd */; };
		D97261C51D551BF0000F703F /* libicucore.tbd in Frameworks */ = {isa = PBXBuildFile; fileRef = D97261C41D551BF0000F703F /* libicucore.tbd */; };
		D97261C71D551BF5000F703F /* CFNetwork.framework in Frameworks */ = {isa = PBXBuildFile; fileRef = D97261C61D551BF5000F703F /* CFNetwork.framework */; };
		D97261C91D551BFF000F703F /* AddressBook.framework in Frameworks */ = {isa = PBXBuildFile; fileRef = D97261C81D551BFF000F703F /* AddressBook.framework */; };
/* End PBXBuildFile section */

/* Begin PBXContainerItemProxy section */
		D95036B71D19C90300F7094D /* PBXContainerItemProxy */ = {
			isa = PBXContainerItemProxy;
			containerPortal = D95036B31D19C90300F7094D /* Pods.xcodeproj */;
			proxyType = 2;
			remoteGlobalIDString = 6A0E8DDC7C16F5507F1B7E4EF54F4E39;
			remoteInfo = "Pods-Firestack";
		};
		D97261721D550D1E000F703F /* PBXContainerItemProxy */ = {
			isa = PBXContainerItemProxy;
			containerPortal = D95036B31D19C90300F7094D /* Pods.xcodeproj */;
			proxyType = 1;
			remoteGlobalIDString = 815EB7527B696DB4C2DE9602F3C0A177;
			remoteInfo = "Pods-Firestack";
		};
/* End PBXContainerItemProxy section */

/* Begin PBXCopyFilesBuildPhase section */
		58B511D91A9E6C8500147676 /* CopyFiles */ = {
			isa = PBXCopyFilesBuildPhase;
			buildActionMask = 2147483647;
			dstPath = "";
			dstSubfolderSpec = 16;
			files = (
			);
			runOnlyForDeploymentPostprocessing = 0;
		};
/* End PBXCopyFilesBuildPhase section */

/* Begin PBXFileReference section */
		134814201AA4EA6300B7C361 /* libFirestack.a */ = {isa = PBXFileReference; explicitFileType = archive.ar; includeInIndex = 0; path = libFirestack.a; sourceTree = BUILT_PRODUCTS_DIR; };
		58A186F11042C569425E5D5F /* libPods-Firestack.a */ = {isa = PBXFileReference; explicitFileType = archive.ar; includeInIndex = 0; path = "libPods-Firestack.a"; sourceTree = BUILT_PRODUCTS_DIR; };
		61152A448EBF126366D048D6 /* Pods-Firestack.release.xcconfig */ = {isa = PBXFileReference; includeInIndex = 1; lastKnownFileType = text.xcconfig; name = "Pods-Firestack.release.xcconfig"; path = "Pods/Target Support Files/Pods-Firestack/Pods-Firestack.release.xcconfig"; sourceTree = "<group>"; };
		D950369C1D19C77400F7094D /* Firestack.h */ = {isa = PBXFileReference; fileEncoding = 4; lastKnownFileType = sourcecode.c.h; name = Firestack.h; path = Firestack/Firestack.h; sourceTree = "<group>"; };
		D950369D1D19C77400F7094D /* Firestack.m */ = {isa = PBXFileReference; fileEncoding = 4; lastKnownFileType = sourcecode.c.objc; name = Firestack.m; path = Firestack/Firestack.m; sourceTree = "<group>"; };
		D95036B31D19C90300F7094D /* Pods.xcodeproj */ = {isa = PBXFileReference; lastKnownFileType = "wrapper.pb-project"; name = Pods.xcodeproj; path = Pods/Pods.xcodeproj; sourceTree = "<group>"; };
		D96290311D6D145A0099A3EC /* FirestackAuth.h */ = {isa = PBXFileReference; fileEncoding = 4; lastKnownFileType = sourcecode.c.h; path = FirestackAuth.h; sourceTree = "<group>"; };
		D96290321D6D145A0099A3EC /* FirestackAuth.m */ = {isa = PBXFileReference; fileEncoding = 4; lastKnownFileType = sourcecode.c.objc; path = FirestackAuth.m; sourceTree = "<group>"; };
		D96290391D6D152A0099A3EC /* FirestackEvents.h */ = {isa = PBXFileReference; fileEncoding = 4; lastKnownFileType = sourcecode.c.h; name = FirestackEvents.h; path = Firestack/FirestackEvents.h; sourceTree = "<group>"; };
		D962903D1D6D15B00099A3EC /* FirestackErrors.h */ = {isa = PBXFileReference; fileEncoding = 4; lastKnownFileType = sourcecode.c.h; name = FirestackErrors.h; path = Firestack/FirestackErrors.h; sourceTree = "<group>"; };
		D962903E1D6D15B00099A3EC /* FirestackErrors.m */ = {isa = PBXFileReference; fileEncoding = 4; lastKnownFileType = sourcecode.c.objc; name = FirestackErrors.m; path = Firestack/FirestackErrors.m; sourceTree = "<group>"; };
		D96290431D6D16100099A3EC /* FirestackAnalytics.h */ = {isa = PBXFileReference; fileEncoding = 4; lastKnownFileType = sourcecode.c.h; name = FirestackAnalytics.h; path = Firestack/FirestackAnalytics.h; sourceTree = "<group>"; };
		D96290441D6D16100099A3EC /* FirestackAnalytics.m */ = {isa = PBXFileReference; fileEncoding = 4; lastKnownFileType = sourcecode.c.objc; name = FirestackAnalytics.m; path = Firestack/FirestackAnalytics.m; sourceTree = "<group>"; };
		D96290471D6D1D8C0099A3EC /* FirestackMessaging.h */ = {isa = PBXFileReference; fileEncoding = 4; lastKnownFileType = sourcecode.c.h; name = FirestackMessaging.h; path = Firestack/FirestackMessaging.h; sourceTree = "<group>"; };
		D96290481D6D1D8C0099A3EC /* FirestackMessaging.m */ = {isa = PBXFileReference; fileEncoding = 4; lastKnownFileType = sourcecode.c.objc; name = FirestackMessaging.m; path = Firestack/FirestackMessaging.m; sourceTree = "<group>"; };
		D96290831D6D28B80099A3EC /* FirestackDatabase.h */ = {isa = PBXFileReference; fileEncoding = 4; lastKnownFileType = sourcecode.c.h; name = FirestackDatabase.h; path = Firestack/FirestackDatabase.h; sourceTree = "<group>"; };
		D96290841D6D28B80099A3EC /* FirestackDatabase.m */ = {isa = PBXFileReference; fileEncoding = 4; lastKnownFileType = sourcecode.c.objc; name = FirestackDatabase.m; path = Firestack/FirestackDatabase.m; sourceTree = "<group>"; };
		D97261651D550CF5000F703F /* GoogleInterchangeUtilities.framework */ = {isa = PBXFileReference; lastKnownFileType = wrapper.framework; name = GoogleInterchangeUtilities.framework; path = Pods/GoogleInterchangeUtilities/Frameworks/GoogleInterchangeUtilities.framework; sourceTree = "<group>"; };
		D97261681D550D03000F703F /* GoogleIPhoneUtilities.framework */ = {isa = PBXFileReference; lastKnownFileType = wrapper.framework; name = GoogleIPhoneUtilities.framework; path = Pods/GoogleIPhoneUtilities/Frameworks/GoogleIPhoneUtilities.framework; sourceTree = "<group>"; };
		D972616A1D550D07000F703F /* GoogleNetworkingUtilities.framework */ = {isa = PBXFileReference; lastKnownFileType = wrapper.framework; name = GoogleNetworkingUtilities.framework; path = Pods/GoogleNetworkingUtilities/Frameworks/GoogleNetworkingUtilities.framework; sourceTree = "<group>"; };
		D972616C1D550D0B000F703F /* GoogleParsingUtilities.framework */ = {isa = PBXFileReference; lastKnownFileType = wrapper.framework; name = GoogleParsingUtilities.framework; path = Pods/GoogleParsingUtilities/Frameworks/GoogleParsingUtilities.framework; sourceTree = "<group>"; };
		D972616E1D550D0F000F703F /* GoogleSymbolUtilities.framework */ = {isa = PBXFileReference; lastKnownFileType = wrapper.framework; name = GoogleSymbolUtilities.framework; path = Pods/GoogleSymbolUtilities/Frameworks/GoogleSymbolUtilities.framework; sourceTree = "<group>"; };
		D97261701D550D13000F703F /* GoogleUtilities.framework */ = {isa = PBXFileReference; lastKnownFileType = wrapper.framework; name = GoogleUtilities.framework; path = Pods/GoogleUtilities/Frameworks/GoogleUtilities.framework; sourceTree = "<group>"; };
		D97261761D550D81000F703F /* FirebaseAnalytics.framework */ = {isa = PBXFileReference; lastKnownFileType = wrapper.framework; name = FirebaseAnalytics.framework; path = Pods/FirebaseAnalytics/Frameworks/frameworks/FirebaseAnalytics.framework; sourceTree = "<group>"; };
		D97261781D550D86000F703F /* FirebaseAuth.framework */ = {isa = PBXFileReference; lastKnownFileType = wrapper.framework; name = FirebaseAuth.framework; path = Pods/FirebaseAuth/Frameworks/frameworks/FirebaseAuth.framework; sourceTree = "<group>"; };
		D972617A1D550D89000F703F /* FirebaseDatabase.framework */ = {isa = PBXFileReference; lastKnownFileType = wrapper.framework; name = FirebaseDatabase.framework; path = Pods/FirebaseDatabase/Frameworks/FirebaseDatabase.framework; sourceTree = "<group>"; };
		D972617C1D550D8F000F703F /* FirebaseInstanceID.framework */ = {isa = PBXFileReference; lastKnownFileType = wrapper.framework; name = FirebaseInstanceID.framework; path = Pods/FirebaseInstanceID/Frameworks/frameworks/FirebaseInstanceID.framework; sourceTree = "<group>"; };
		D972617E1D550D94000F703F /* FirebaseRemoteConfig.framework */ = {isa = PBXFileReference; lastKnownFileType = wrapper.framework; name = FirebaseRemoteConfig.framework; path = Pods/FirebaseRemoteConfig/Frameworks/frameworks/FirebaseRemoteConfig.framework; sourceTree = "<group>"; };
		D97261801D550D98000F703F /* FirebaseStorage.framework */ = {isa = PBXFileReference; lastKnownFileType = wrapper.framework; name = FirebaseStorage.framework; path = Pods/FirebaseStorage/Frameworks/FirebaseStorage.framework; sourceTree = "<group>"; };
		D97261C01D551BE0000F703F /* libz.tbd */ = {isa = PBXFileReference; lastKnownFileType = "sourcecode.text-based-dylib-definition"; name = libz.tbd; path = usr/lib/libz.tbd; sourceTree = SDKROOT; };
		D97261C21D551BE7000F703F /* libsqlite3.tbd */ = {isa = PBXFileReference; lastKnownFileType = "sourcecode.text-based-dylib-definition"; name = libsqlite3.tbd; path = usr/lib/libsqlite3.tbd; sourceTree = SDKROOT; };
		D97261C41D551BF0000F703F /* libicucore.tbd */ = {isa = PBXFileReference; lastKnownFileType = "sourcecode.text-based-dylib-definition"; name = libicucore.tbd; path = usr/lib/libicucore.tbd; sourceTree = SDKROOT; };
		D97261C61D551BF5000F703F /* CFNetwork.framework */ = {isa = PBXFileReference; lastKnownFileType = wrapper.framework; name = CFNetwork.framework; path = System/Library/Frameworks/CFNetwork.framework; sourceTree = SDKROOT; };
		D97261C81D551BFF000F703F /* AddressBook.framework */ = {isa = PBXFileReference; lastKnownFileType = wrapper.framework; name = AddressBook.framework; path = System/Library/Frameworks/AddressBook.framework; sourceTree = SDKROOT; };
		D9CFBE441D531058002623BF /* buildScript.sh */ = {isa = PBXFileReference; fileEncoding = 4; lastKnownFileType = text.script.sh; path = buildScript.sh; sourceTree = "<group>"; };
		EF9B4692F57E7CF2C25A04C2 /* Pods-Firestack.debug.xcconfig */ = {isa = PBXFileReference; includeInIndex = 1; lastKnownFileType = text.xcconfig; name = "Pods-Firestack.debug.xcconfig"; path = "Pods/Target Support Files/Pods-Firestack/Pods-Firestack.debug.xcconfig"; sourceTree = "<group>"; };
/* End PBXFileReference section */

/* Begin PBXFrameworksBuildPhase section */
		58B511D81A9E6C8500147676 /* Frameworks */ = {
			isa = PBXFrameworksBuildPhase;
			buildActionMask = 2147483647;
			files = (
				D97261C91D551BFF000F703F /* AddressBook.framework in Frameworks */,
				D97261C71D551BF5000F703F /* CFNetwork.framework in Frameworks */,
				D97261C51D551BF0000F703F /* libicucore.tbd in Frameworks */,
				D97261C31D551BE7000F703F /* libsqlite3.tbd in Frameworks */,
				D97261C11D551BE0000F703F /* libz.tbd in Frameworks */,
				D97261771D550D81000F703F /* FirebaseAnalytics.framework in Frameworks */,
				D97261791D550D86000F703F /* FirebaseAuth.framework in Frameworks */,
				D972617B1D550D89000F703F /* FirebaseDatabase.framework in Frameworks */,
				D972617D1D550D8F000F703F /* FirebaseInstanceID.framework in Frameworks */,
				D972617F1D550D94000F703F /* FirebaseRemoteConfig.framework in Frameworks */,
				D97261811D550D98000F703F /* FirebaseStorage.framework in Frameworks */,
				D97261661D550CF5000F703F /* GoogleInterchangeUtilities.framework in Frameworks */,
				D97261691D550D03000F703F /* GoogleIPhoneUtilities.framework in Frameworks */,
				D972616B1D550D07000F703F /* GoogleNetworkingUtilities.framework in Frameworks */,
				D972616D1D550D0B000F703F /* GoogleParsingUtilities.framework in Frameworks */,
				D972616F1D550D0F000F703F /* GoogleSymbolUtilities.framework in Frameworks */,
				D97261711D550D13000F703F /* GoogleUtilities.framework in Frameworks */,
				59F628FCB5C2B2900F31879C /* libPods-Firestack.a in Frameworks */,
			);
			runOnlyForDeploymentPostprocessing = 0;
		};
/* End PBXFrameworksBuildPhase section */

/* Begin PBXGroup section */
		134814211AA4EA7D00B7C361 /* Products */ = {
			isa = PBXGroup;
			children = (
				134814201AA4EA6300B7C361 /* libFirestack.a */,
			);
			name = Products;
			sourceTree = "<group>";
		};
		4C361DE13748C14BF1F87624 /* Frameworks */ = {
			isa = PBXGroup;
			children = (
				D97261C81D551BFF000F703F /* AddressBook.framework */,
				D97261C61D551BF5000F703F /* CFNetwork.framework */,
				D97261C41D551BF0000F703F /* libicucore.tbd */,
				D97261C21D551BE7000F703F /* libsqlite3.tbd */,
				D97261C01D551BE0000F703F /* libz.tbd */,
				D97261801D550D98000F703F /* FirebaseStorage.framework */,
				D972617E1D550D94000F703F /* FirebaseRemoteConfig.framework */,
				D972617C1D550D8F000F703F /* FirebaseInstanceID.framework */,
				D972617A1D550D89000F703F /* FirebaseDatabase.framework */,
				D97261781D550D86000F703F /* FirebaseAuth.framework */,
				D97261761D550D81000F703F /* FirebaseAnalytics.framework */,
				D97261701D550D13000F703F /* GoogleUtilities.framework */,
				D972616E1D550D0F000F703F /* GoogleSymbolUtilities.framework */,
				D972616C1D550D0B000F703F /* GoogleParsingUtilities.framework */,
				D972616A1D550D07000F703F /* GoogleNetworkingUtilities.framework */,
				D97261681D550D03000F703F /* GoogleIPhoneUtilities.framework */,
				D97261651D550CF5000F703F /* GoogleInterchangeUtilities.framework */,
				D95036B31D19C90300F7094D /* Pods.xcodeproj */,
				58A186F11042C569425E5D5F /* libPods-Firestack.a */,
			);
			name = Frameworks;
			sourceTree = "<group>";
		};
		58B511D21A9E6C8500147676 = {
			isa = PBXGroup;
			children = (
				D96290351D6D145F0099A3EC /* Modules */,
				D9CFBE441D531058002623BF /* buildScript.sh */,
				D950369C1D19C77400F7094D /* Firestack.h */,
				D950369D1D19C77400F7094D /* Firestack.m */,
				134814211AA4EA7D00B7C361 /* Products */,
				4C361DE13748C14BF1F87624 /* Frameworks */,
				84DDE411E5DA373F19C7F21E /* Pods */,
			);
			sourceTree = "<group>";
		};
		84DDE411E5DA373F19C7F21E /* Pods */ = {
			isa = PBXGroup;
			children = (
				EF9B4692F57E7CF2C25A04C2 /* Pods-Firestack.debug.xcconfig */,
				61152A448EBF126366D048D6 /* Pods-Firestack.release.xcconfig */,
			);
			name = Pods;
			sourceTree = "<group>";
		};
		D95036B41D19C90300F7094D /* Products */ = {
			isa = PBXGroup;
			children = (
				D95036B81D19C90300F7094D /* libPods-Firestack.a */,
			);
			name = Products;
			sourceTree = "<group>";
		};
		D96290351D6D145F0099A3EC /* Modules */ = {
			isa = PBXGroup;
			children = (
				D96290311D6D145A0099A3EC /* FirestackAuth.h */,
				D96290321D6D145A0099A3EC /* FirestackAuth.m */,
				D96290391D6D152A0099A3EC /* FirestackEvents.h */,
				D962903D1D6D15B00099A3EC /* FirestackErrors.h */,
				D962903E1D6D15B00099A3EC /* FirestackErrors.m */,
				D96290431D6D16100099A3EC /* FirestackAnalytics.h */,
				D96290441D6D16100099A3EC /* FirestackAnalytics.m */,
				D96290471D6D1D8C0099A3EC /* FirestackMessaging.h */,
				D96290481D6D1D8C0099A3EC /* FirestackMessaging.m */,
				D96290831D6D28B80099A3EC /* FirestackDatabase.h */,
				D96290841D6D28B80099A3EC /* FirestackDatabase.m */,
			);
			name = Modules;
			sourceTree = "<group>";
		};
/* End PBXGroup section */

/* Begin PBXNativeTarget section */
		58B511DA1A9E6C8500147676 /* Firestack */ = {
			isa = PBXNativeTarget;
			buildConfigurationList = 58B511EF1A9E6C8500147676 /* Build configuration list for PBXNativeTarget "Firestack" */;
			buildPhases = (
				48AA3DACF902ED2473601A8C /* [CP] Check Pods Manifest.lock */,
				58B511D71A9E6C8500147676 /* Sources */,
				58B511D81A9E6C8500147676 /* Frameworks */,
				58B511D91A9E6C8500147676 /* CopyFiles */,
				6A34E35DF50BEC97B74FC183 /* [CP] Copy Pods Resources */,
			);
			buildRules = (
			);
			dependencies = (
				D97261731D550D1E000F703F /* PBXTargetDependency */,
			);
			name = Firestack;
			productName = RCTDataManager;
			productReference = 134814201AA4EA6300B7C361 /* libFirestack.a */;
			productType = "com.apple.product-type.library.static";
		};
/* End PBXNativeTarget section */

/* Begin PBXProject section */
		58B511D31A9E6C8500147676 /* Project object */ = {
			isa = PBXProject;
			attributes = {
				LastUpgradeCheck = 0610;
				ORGANIZATIONNAME = Facebook;
				TargetAttributes = {
					58B511DA1A9E6C8500147676 = {
						CreatedOnToolsVersion = 6.1.1;
					};
				};
			};
			buildConfigurationList = 58B511D61A9E6C8500147676 /* Build configuration list for PBXProject "Firestack" */;
			compatibilityVersion = "Xcode 3.2";
			developmentRegion = English;
			hasScannedForEncodings = 0;
			knownRegions = (
				en,
			);
			mainGroup = 58B511D21A9E6C8500147676;
			productRefGroup = 58B511D21A9E6C8500147676;
			projectDirPath = "";
			projectReferences = (
				{
					ProductGroup = D95036B41D19C90300F7094D /* Products */;
					ProjectRef = D95036B31D19C90300F7094D /* Pods.xcodeproj */;
				},
			);
			projectRoot = "";
			targets = (
				58B511DA1A9E6C8500147676 /* Firestack */,
			);
		};
/* End PBXProject section */

/* Begin PBXReferenceProxy section */
		D95036B81D19C90300F7094D /* libPods-Firestack.a */ = {
			isa = PBXReferenceProxy;
			fileType = archive.ar;
			path = "libPods-Firestack.a";
			remoteRef = D95036B71D19C90300F7094D /* PBXContainerItemProxy */;
			sourceTree = BUILT_PRODUCTS_DIR;
		};
/* End PBXReferenceProxy section */

/* Begin PBXShellScriptBuildPhase section */
		48AA3DACF902ED2473601A8C /* [CP] Check Pods Manifest.lock */ = {
			isa = PBXShellScriptBuildPhase;
			buildActionMask = 2147483647;
			files = (
			);
			inputPaths = (
			);
			name = "[CP] Check Pods Manifest.lock";
			outputPaths = (
			);
			runOnlyForDeploymentPostprocessing = 0;
			shellPath = /bin/sh;
			shellScript = "diff \"${PODS_ROOT}/../Podfile.lock\" \"${PODS_ROOT}/Manifest.lock\" > /dev/null\nif [[ $? != 0 ]] ; then\n    cat << EOM\nerror: The sandbox is not in sync with the Podfile.lock. Run 'pod install' or update your CocoaPods installation.\nEOM\n    exit 1\nfi\n";
			showEnvVarsInLog = 0;
		};
		6A34E35DF50BEC97B74FC183 /* [CP] Copy Pods Resources */ = {
			isa = PBXShellScriptBuildPhase;
			buildActionMask = 2147483647;
			files = (
			);
			inputPaths = (
			);
			name = "[CP] Copy Pods Resources";
			outputPaths = (
			);
			runOnlyForDeploymentPostprocessing = 0;
			shellPath = /bin/sh;
			shellScript = "\"${SRCROOT}/Pods/Target Support Files/Pods-Firestack/Pods-Firestack-resources.sh\"\n";
			showEnvVarsInLog = 0;
		};
/* End PBXShellScriptBuildPhase section */

/* Begin PBXSourcesBuildPhase section */
		58B511D71A9E6C8500147676 /* Sources */ = {
			isa = PBXSourcesBuildPhase;
			buildActionMask = 2147483647;
			files = (
				D96290451D6D16100099A3EC /* FirestackAnalytics.m in Sources */,
				D96290331D6D145A0099A3EC /* FirestackAuth.m in Sources */,
				D962903F1D6D15B00099A3EC /* FirestackErrors.m in Sources */,
				D950369E1D19C77400F7094D /* Firestack.m in Sources */,
				D96290491D6D1D8C0099A3EC /* FirestackMessaging.m in Sources */,
				D96290851D6D28B80099A3EC /* FirestackDatabase.m in Sources */,
			);
			runOnlyForDeploymentPostprocessing = 0;
		};
/* End PBXSourcesBuildPhase section */

/* Begin PBXTargetDependency section */
		D97261731D550D1E000F703F /* PBXTargetDependency */ = {
			isa = PBXTargetDependency;
			name = "Pods-Firestack";
			targetProxy = D97261721D550D1E000F703F /* PBXContainerItemProxy */;
		};
/* End PBXTargetDependency section */

/* Begin XCBuildConfiguration section */
		58B511ED1A9E6C8500147676 /* Debug */ = {
			isa = XCBuildConfiguration;
			buildSettings = {
				ALWAYS_SEARCH_USER_PATHS = NO;
				CLANG_CXX_LANGUAGE_STANDARD = "gnu++0x";
				CLANG_CXX_LIBRARY = "libc++";
				CLANG_ENABLE_MODULES = YES;
				CLANG_ENABLE_OBJC_ARC = YES;
				CLANG_WARN_BOOL_CONVERSION = YES;
				CLANG_WARN_CONSTANT_CONVERSION = YES;
				CLANG_WARN_DIRECT_OBJC_ISA_USAGE = YES_ERROR;
				CLANG_WARN_EMPTY_BODY = YES;
				CLANG_WARN_ENUM_CONVERSION = YES;
				CLANG_WARN_INT_CONVERSION = YES;
				CLANG_WARN_OBJC_ROOT_CLASS = YES_ERROR;
				CLANG_WARN_UNREACHABLE_CODE = YES;
				CLANG_WARN__DUPLICATE_METHOD_MATCH = YES;
				COPY_PHASE_STRIP = NO;
				ENABLE_BITCODE = YES;
				ENABLE_STRICT_OBJC_MSGSEND = YES;
				GCC_C_LANGUAGE_STANDARD = gnu99;
				GCC_DYNAMIC_NO_PIC = NO;
				GCC_OPTIMIZATION_LEVEL = 0;
				GCC_PREPROCESSOR_DEFINITIONS = (
					"DEBUG=1",
					"$(inherited)",
				);
				GCC_SYMBOLS_PRIVATE_EXTERN = NO;
				GCC_WARN_64_TO_32_BIT_CONVERSION = YES;
				GCC_WARN_ABOUT_RETURN_TYPE = YES_ERROR;
				GCC_WARN_UNDECLARED_SELECTOR = YES;
				GCC_WARN_UNINITIALIZED_AUTOS = YES_AGGRESSIVE;
				GCC_WARN_UNUSED_FUNCTION = YES;
				GCC_WARN_UNUSED_VARIABLE = YES;
				IPHONEOS_DEPLOYMENT_TARGET = 9.0;
				MTL_ENABLE_DEBUG_INFO = YES;
				ONLY_ACTIVE_ARCH = YES;
				SDKROOT = iphoneos;
			};
			name = Debug;
		};
		58B511EE1A9E6C8500147676 /* Release */ = {
			isa = XCBuildConfiguration;
			buildSettings = {
				ALWAYS_SEARCH_USER_PATHS = NO;
				CLANG_CXX_LANGUAGE_STANDARD = "gnu++0x";
				CLANG_CXX_LIBRARY = "libc++";
				CLANG_ENABLE_MODULES = YES;
				CLANG_ENABLE_OBJC_ARC = YES;
				CLANG_WARN_BOOL_CONVERSION = YES;
				CLANG_WARN_CONSTANT_CONVERSION = YES;
				CLANG_WARN_DIRECT_OBJC_ISA_USAGE = YES_ERROR;
				CLANG_WARN_EMPTY_BODY = YES;
				CLANG_WARN_ENUM_CONVERSION = YES;
				CLANG_WARN_INT_CONVERSION = YES;
				CLANG_WARN_OBJC_ROOT_CLASS = YES_ERROR;
				CLANG_WARN_UNREACHABLE_CODE = YES;
				CLANG_WARN__DUPLICATE_METHOD_MATCH = YES;
				COPY_PHASE_STRIP = YES;
				ENABLE_BITCODE = YES;
				ENABLE_NS_ASSERTIONS = NO;
				ENABLE_STRICT_OBJC_MSGSEND = YES;
				GCC_C_LANGUAGE_STANDARD = gnu99;
				GCC_WARN_64_TO_32_BIT_CONVERSION = YES;
				GCC_WARN_ABOUT_RETURN_TYPE = YES_ERROR;
				GCC_WARN_UNDECLARED_SELECTOR = YES;
				GCC_WARN_UNINITIALIZED_AUTOS = YES_AGGRESSIVE;
				GCC_WARN_UNUSED_FUNCTION = YES;
				GCC_WARN_UNUSED_VARIABLE = YES;
				IPHONEOS_DEPLOYMENT_TARGET = 9.0;
				MTL_ENABLE_DEBUG_INFO = NO;
				SDKROOT = iphoneos;
				VALIDATE_PRODUCT = YES;
			};
			name = Release;
		};
		58B511F01A9E6C8500147676 /* Debug */ = {
			isa = XCBuildConfiguration;
			baseConfigurationReference = EF9B4692F57E7CF2C25A04C2 /* Pods-Firestack.debug.xcconfig */;
			buildSettings = {
				DYLIB_INSTALL_NAME_BASE = "";
				ENABLE_BITCODE = NO;
				FRAMEWORK_SEARCH_PATHS = (
					"$(inherited)",
					"$(PROJECT_DIR)/Pods/FirebaseAnalytics/Frameworks",
					"$(PROJECT_DIR)/Pods/FirebaseAuth/Frameworks",
					"$(PROJECT_DIR)/Pods/FirebaseDatabase/Frameworks",
					"$(PROJECT_DIR)/Pods/FirebaseStorage/Frameworks",
					"$(PROJECT_DIR)/Pods/FirebaseInstanceID/Frameworks",
					"$(PROJECT_DIR)/Pods/GoogleInterchangeUtilities/Frameworks",
					"$(PROJECT_DIR)/Pods/GoogleIPhoneUtilities/Frameworks",
					"$(PROJECT_DIR)/Pods/GoogleNetworkingUtilities/Frameworks",
					"$(PROJECT_DIR)/Pods/GoogleParsingUtilities/Frameworks",
					"$(PROJECT_DIR)/Pods/GoogleSymbolUtilities/Frameworks",
					"$(PROJECT_DIR)/Pods/GoogleUtilities/Frameworks",
					"$(PROJECT_DIR)/Pods/FirebaseAnalytics/Frameworks/frameworks",
					"$(PROJECT_DIR)/Pods/FirebaseAuth/Frameworks/frameworks",
					"$(PROJECT_DIR)/Pods/FirebaseInstanceID/Frameworks/frameworks",
					"$(PROJECT_DIR)/Pods/FirebaseRemoteConfig/Frameworks/frameworks",
				);
				HEADER_SEARCH_PATHS = (
					"$(inherited)",
					"$(SRCROOT)/../../React/**",
					"$(SRCROOT)/../../node_modules/react-native/React/**",
					"$(SRCROOT)/../../react-native/React/**",
				);
				IPHONEOS_DEPLOYMENT_TARGET = 8.0;
				LD_DYLIB_INSTALL_NAME = "@rpath/${EXECUTABLE_NAME}";
				LIBRARY_SEARCH_PATHS = "$(inherited)";
				MACH_O_TYPE = mh_dylib;
				ONLY_ACTIVE_ARCH = YES;
				OTHER_LDFLAGS = (
					"$(inherited)",
					"-undefined",
					dynamic_lookup,
				);
				PRODUCT_NAME = Firestack;
				SKIP_INSTALL = YES;
			};
			name = Debug;
		};
		58B511F11A9E6C8500147676 /* Release */ = {
			isa = XCBuildConfiguration;
			baseConfigurationReference = 61152A448EBF126366D048D6 /* Pods-Firestack.release.xcconfig */;
			buildSettings = {
				DYLIB_INSTALL_NAME_BASE = "";
				ENABLE_BITCODE = NO;
				FRAMEWORK_SEARCH_PATHS = (
					"$(inherited)",
					"$(PROJECT_DIR)/Pods/FirebaseAnalytics/Frameworks",
					"$(PROJECT_DIR)/Pods/FirebaseAuth/Frameworks",
					"$(PROJECT_DIR)/Pods/FirebaseDatabase/Frameworks",
					"$(PROJECT_DIR)/Pods/FirebaseStorage/Frameworks",
					"$(PROJECT_DIR)/Pods/FirebaseInstanceID/Frameworks",
					"$(PROJECT_DIR)/Pods/GoogleInterchangeUtilities/Frameworks",
					"$(PROJECT_DIR)/Pods/GoogleIPhoneUtilities/Frameworks",
					"$(PROJECT_DIR)/Pods/GoogleNetworkingUtilities/Frameworks",
					"$(PROJECT_DIR)/Pods/GoogleParsingUtilities/Frameworks",
					"$(PROJECT_DIR)/Pods/GoogleSymbolUtilities/Frameworks",
					"$(PROJECT_DIR)/Pods/GoogleUtilities/Frameworks",
					"$(PROJECT_DIR)/Pods/FirebaseAnalytics/Frameworks/frameworks",
					"$(PROJECT_DIR)/Pods/FirebaseAuth/Frameworks/frameworks",
					"$(PROJECT_DIR)/Pods/FirebaseInstanceID/Frameworks/frameworks",
					"$(PROJECT_DIR)/Pods/FirebaseRemoteConfig/Frameworks/frameworks",
				);
				HEADER_SEARCH_PATHS = (
					"$(inherited)",
					"$(SRCROOT)/../../React/**",
					"$(SRCROOT)/../../node_modules/react-native/React/**",
					"$(SRCROOT)/../../react-native/React/**",
				);
				IPHONEOS_DEPLOYMENT_TARGET = 8.0;
				LD_DYLIB_INSTALL_NAME = "@rpath/${EXECUTABLE_NAME}";
				LIBRARY_SEARCH_PATHS = "$(inherited)";
				MACH_O_TYPE = mh_dylib;
				OTHER_LDFLAGS = (
					"$(inherited)",
					"-undefined",
					dynamic_lookup,
				);
				PRODUCT_NAME = Firestack;
				SKIP_INSTALL = YES;
			};
			name = Release;
		};
/* End XCBuildConfiguration section */

/* Begin XCConfigurationList section */
		58B511D61A9E6C8500147676 /* Build configuration list for PBXProject "Firestack" */ = {
			isa = XCConfigurationList;
			buildConfigurations = (
				58B511ED1A9E6C8500147676 /* Debug */,
				58B511EE1A9E6C8500147676 /* Release */,
			);
			defaultConfigurationIsVisible = 0;
			defaultConfigurationName = Release;
		};
		58B511EF1A9E6C8500147676 /* Build configuration list for PBXNativeTarget "Firestack" */ = {
			isa = XCConfigurationList;
			buildConfigurations = (
				58B511F01A9E6C8500147676 /* Debug */,
				58B511F11A9E6C8500147676 /* Release */,
			);
			defaultConfigurationIsVisible = 0;
			defaultConfigurationName = Release;
		};
/* End XCConfigurationList section */
	};
	rootObject = 58B511D31A9E6C8500147676 /* Project object */;
}
