PODS:
  - Expecta (1.0.5)
  - react-native-firestack (0.1.0)
  - Specta (1.0.5)

DEPENDENCIES:
  - Expecta
  - react-native-firestack (from `../`)
  - Specta

EXTERNAL SOURCES:
  react-native-firestack:
    :path: "../"

SPEC CHECKSUMS:
  Expecta: e1c022fcd33910b6be89c291d2775b3fe27a89fe
  react-native-firestack: bbe99342a3df8cc9bbe85e52e53c941fbb689026
  Specta: ac94d110b865115fe60ff2c6d7281053c6f8e8a2

PODFILE CHECKSUM: 1eecf15459e16d855afae6b5b9e3bb23ceb0d073

COCOAPODS: 1.0.1
